
Microsoft Visual Studio Solution File, Format Version 12.00
# Visual Studio Version 17
VisualStudioVersion = 17.2.32516.85
MinimumVisualStudioVersion = 10.0.40219.1
Project("{FAE04EC0-301F-11D3-BF4B-00C04F79EFBC}") = "Paises", "Paises\Paises.csproj", "{8043F613-E7FD-47CA-BECD-8CF19C678CA4}"
EndProject
Global
	GlobalSection(SolutionConfigurationPlatforms) = preSolution
		Debug|Any CPU = Debug|Any CPU
		Release|Any CPU = Release|Any CPU
	EndGlobalSection
	GlobalSection(ProjectConfigurationPlatforms) = postSolution
		{8043F613-E7FD-47CA-BECD-8CF19C678CA4}.Debug|Any CPU.ActiveCfg = Debug|Any CPU
		{8043F613-E7FD-47CA-BECD-8CF19C678CA4}.Debug|Any CPU.Build.0 = Debug|Any CPU
		{8043F613-E7FD-47CA-BECD-8CF19C678CA4}.Release|Any CPU.ActiveCfg = Release|Any CPU
		{8043F613-E7FD-47CA-BECD-8CF19C678CA4}.Release|Any CPU.Build.0 = Release|Any CPU
	EndGlobalSection
	GlobalSection(SolutionProperties) = preSolution
		HideSolutionNode = FALSE
	EndGlobalSection
	GlobalSection(ExtensibilityGlobals) = postSolution
		SolutionGuid = {FDF100A9-8EC7-4EBE-A18E-6A4D96994D57}
	EndGlobalSection
EndGlobal
